PODS:
  - FileBrowser (1.0.0)

DEPENDENCIES:
  - FileBrowser (from `https://github.com/crutchcorn/FileBrowser.git`, branch `master`)

EXTERNAL SOURCES:
  FileBrowser:
    :branch: master
    :git: https://github.com/crutchcorn/FileBrowser.git

CHECKOUT OPTIONS:
  FileBrowser:
    :commit: 96845a0d8c40af4ae7aecec8bf17e924a05ed64d
    :git: https://github.com/crutchcorn/FileBrowser.git

SPEC CHECKSUMS:
  FileBrowser: 4d09b8037bc4a8cd7f36eb9bce726dcc6d11a148

PODFILE CHECKSUM: 618117f6b749bb94b4c037cc77ecd061c0a20cde

COCOAPODS: 1.9.1
